PATH
  remote: .
  specs:
    couch_potato (0.7.0.pre.1)
      activemodel
      couchrest (>= 1.0.1)
      json (~> 1.6.0)

GEM
  remote: http://rubygems.org/
  specs:
    activemodel (3.0.6)
      activesupport (= 3.0.6)
      builder (~> 2.1.2)
      i18n (~> 0.5.0)
    activesupport (3.0.6)
    builder (2.1.2)
    couchrest (1.1.2)
      mime-types (~> 1.15)
      multi_json (~> 1.0.0)
      rest-client (~> 1.6.1)
    diff-lcs (1.1.2)
    i18n (0.5.0)
    json (1.6.5)
    libv8 (3.3.10.4)
    mime-types (1.17.2)
    multi_json (1.0.4)
    rake (0.8.7)
    rest-client (1.6.7)
      mime-types (>= 1.16)
    rspec (2.5.0)
      rspec-core (~> 2.5.0)
      rspec-expectations (~> 2.5.0)
      rspec-mocks (~> 2.5.0)
    rspec-core (2.5.1)
    rspec-expectations (2.5.0)
      diff-lcs (~> 1.1.2)
    rspec-mocks (2.5.0)
    therubyracer (0.10.1)
      libv8 (~> 3.3.10)
    timecop (0.3.5)
    tzinfo (0.3.26)

PLATFORMS
  ruby

DEPENDENCIES
  activemodel (~> 3.0)
  couch_potato!
  rake
  rspec (>= 2.0)
  therubyracer
  timecop
  tzinfo
